# This file is automatically @generated by Cargo.
# It is not intended for manual editing.
version = 4

[[package]]
name = "frontend"
version = "0.1.0"
dependencies = [
 "html-escape",
]

[[package]]
name = "html-escape"
version = "0.2.14"
source = "registry+https://github.com/rust-lang/crates.io-index"
checksum = "46c1ff2d1cbf39efe5af0900ced8a069b5e61557a17544eb0c4a50239937389e"
